Microsoft Visual Studio Solution File, Format Version 12.00
# Visual Studio Version 16
VisualStudioVersion = 16.0.34601.136
MinimumVisualStudioVersion = 10.0.40219.1
Project("{FAE04EC0-301F-11D3-BF4B-00C04F79EFBC}") = "S1Jarvis", "S1Jarvis.csproj", "{ACD54FA8-8A8D-4170-903F-8E9E1B6733AA}"
EndProject
Global
	GlobalSection(SolutionConfigurationPlatforms) = preSolution
		Debug|Any CPU = Debug|Any CPU
		Release|Any CPU = Release|Any CPU
	EndGlobalSection
	GlobalSection(ProjectConfigurationPlatforms) = postSolution
		{ACD54FA8-8A8D-4170-903F-8E9E1B6733AA}.Debug|Any CPU.ActiveCfg = Debug|Any CPU
		{ACD54FA8-8A8D-4170-903F-8E9E1B6733AA}.Debug|Any CPU.Build.0 = Debug|Any CPU
		{ACD54FA8-8A8D-4170-903F-8E9E1B6733AA}.Release|Any CPU.ActiveCfg = Release|Any CPU
		{ACD54FA8-8A8D-4170-903F-8E9E1B6733AA}.Release|Any CPU.Build.0 = Release|Any CPU
	EndGlobalSection
	GlobalSection(SolutionProperties) = preSolution
		HideSolutionNode = FALSE
	EndGlobalSection
	GlobalSection(ExtensibilityGlobals) = postSolution
		SolutionGuid = {7B1B7B2B-3E9A-4C1A-9C1E-2E1F6C9A4B7C}
	EndGlobalSection
EndGlobal
